{
  "name": "ccc_aureliascript_poc",
  "version": "1.0.0",
  "lockfileVersion": 1,
  "requires": true,
  "dependencies": {
    "@jnotelddim/ww-custom-element-poc": {
      "version": "github:jnotelddim/ww-custom-element-poc#009df58af683915f310feccabeb0a66a4d8272a3",
      "from": "github:jnotelddim/ww-custom-element-poc"
    }
  }
}
